
Microsoft Visual Studio Solution File, Format Version 12.00
# Visual Studio 15
VisualStudioVersion = 15.0.27428.2011
MinimumVisualStudioVersion = 10.0.40219.1
Project("{9A19103F-16F7-4668-BE54-9A1E7A4F7556}") = "WorkTest", "ConsoleApp1\WorkTest.csproj", "{4ADC88E1-82A1-483D-87FD-1040F412ECD9}"
EndProject
Global
	GlobalSection(SolutionConfigurationPlatforms) = preSolution
		Debug|Any CPU = Debug|Any CPU
		Release|Any CPU = Release|Any CPU
	EndGlobalSection
	GlobalSection(ProjectConfigurationPlatforms) = postSolution
		{4ADC88E1-82A1-483D-87FD-1040F412ECD9}.Debug|Any CPU.ActiveCfg = Debug|Any CPU
		{4ADC88E1-82A1-483D-87FD-1040F412ECD9}.Debug|Any CPU.Build.0 = Debug|Any CPU
		{4ADC88E1-82A1-483D-87FD-1040F412ECD9}.Release|Any CPU.ActiveCfg = Release|Any CPU
		{4ADC88E1-82A1-483D-87FD-1040F412ECD9}.Release|Any CPU.Build.0 = Release|Any CPU
	EndGlobalSection
	GlobalSection(SolutionProperties) = preSolution
		HideSolutionNode = FALSE
	EndGlobalSection
	GlobalSection(ExtensibilityGlobals) = postSolution
		SolutionGuid = {FFF2B60C-916D-4562-9A34-EF38F4596B9C}
	EndGlobalSection
EndGlobal
